
Microsoft Visual Studio Solution File, Format Version 12.00
# Visual Studio 15
VisualStudioVersion = 15.0.27130.2010
MinimumVisualStudioVersion = 10.0.40219.1
Project("{FAE04EC0-301F-11D3-BF4B-00C04F79EFBC}") = "MVCNews", "MVCNews\MVCNews.csproj", "{65B24C44-A7D3-461E-A052-40F40141661A}"
EndProject
Global
	GlobalSection(SolutionConfigurationPlatforms) = preSolution
		Debug|Any CPU = Debug|Any CPU
		Release|Any CPU = Release|Any CPU
	EndGlobalSection
	GlobalSection(ProjectConfigurationPlatforms) = postSolution
		{65B24C44-A7D3-461E-A052-40F40141661A}.Debug|Any CPU.ActiveCfg = Debug|Any CPU
		{65B24C44-A7D3-461E-A052-40F40141661A}.Debug|Any CPU.Build.0 = Debug|Any CPU
		{65B24C44-A7D3-461E-A052-40F40141661A}.Release|Any CPU.ActiveCfg = Release|Any CPU
		{65B24C44-A7D3-461E-A052-40F40141661A}.Release|Any CPU.Build.0 = Release|Any CPU
	EndGlobalSection
	GlobalSection(SolutionProperties) = preSolution
		HideSolutionNode = FALSE
	EndGlobalSection
	GlobalSection(ExtensibilityGlobals) = postSolution
		SolutionGuid = {688B3F3B-CE2F-473A-8728-53B4755C9F24}
	EndGlobalSection
EndGlobal
